{
    "_readme": [
        "This file locks the dependencies of your project to a known state",
        "Read more about it at http://getcomposer.org/doc/01-basic-usage.md#composer-lock-the-lock-file"
    ],
    "hash": "6c6c5eedae30227fd2829f64a44c2342",
    "packages": [
        {
            "name": "sabre/dav",
            "version": "dev-master",
            "source": {
                "type": "git",
                "url": "https://github.com/fruux/sabre-dav.git",
                "reference": "b949350c3613fc751529e622a3a5451d527a362b"
            },
            "dist": {
                "type": "zip",
                "url": "https://api.github.com/repos/fruux/sabre-dav/zipball/b949350c3613fc751529e622a3a5451d527a362b",
                "reference": "b949350c3613fc751529e622a3a5451d527a362b",
                "shasum": ""
            },
            "require": {
                "ext-ctype": "*",
                "ext-date": "*",
                "ext-dom": "*",
                "ext-iconv": "*",
                "ext-libxml": "*",
                "ext-mbstring": "*",
                "ext-pcre": "*",
                "ext-simplexml": "*",
                "ext-spl": "*",
                "php": ">=5.4.1",
                "sabre/event": "~1.0.0",
                "sabre/http": "~2.0.0-alpha5",
                "sabre/vobject": "~3.1.0"
            },
            "require-dev": {
                "evert/phpdoc-md": "~0.0.7",
                "phing/phing": "2.4.14",
                "phpunit/phpunit": "3.7.*"
            },
            "suggest": {
                "ext-apc": "*",
                "ext-curl": "*",
                "ext-pdo": "*"
            },
            "bin": [
                "bin/sabredav",
                "bin/naturalselection"
            ],
            "type": "library",
            "autoload": {
                "psr-0": {
                    "Sabre\\DAV": "lib/",
                    "Sabre\\HTTP": "lib/",
                    "Sabre\\DAVACL": "lib/",
                    "Sabre\\CalDAV": "lib/",
                    "Sabre\\CardDAV": "lib/"
                }
            },
            "notification-url": "https://packagist.org/downloads/",
            "license": [
                "BSD-3-Clause"
            ],
            "authors": [
                {
                    "name": "Evert Pot",
                    "email": "evert@rooftopsolutions.nl",
                    "homepage": "http://evertpot.com/",
                    "role": "Developer"
                }
            ],
            "description": "WebDAV Framework for PHP",
            "homepage": "http://code.google.com/p/sabredav/",
            "keywords": [
                "CalDAV",
                "CardDAV",
                "WebDAV",
                "framework",
                "iCalendar"
            ],
            "time": "2013-12-04 18:35:42"
        },
        {
            "name": "sabre/event",
            "version": "1.0.0",
            "source": {
                "type": "git",
                "url": "https://github.com/fruux/sabre-event.git",
                "reference": "14f284eede050859e72ac41064df0eac25327190"
            },
            "dist": {
                "type": "zip",
                "url": "https://api.github.com/repos/fruux/sabre-event/zipball/14f284eede050859e72ac41064df0eac25327190",
                "reference": "14f284eede050859e72ac41064df0eac25327190",
                "shasum": ""
            },
            "require": {
                "php": ">=5.4.1"
            },
            "type": "library",
            "autoload": {
                "psr-0": {
                    "Sabre\\Event": "lib/"
                }
            },
            "notification-url": "https://packagist.org/downloads/",
            "license": [
                "BSD-3-Clause"
            ],
            "authors": [
                {
                    "name": "Evert Pot",
                    "email": "evert@rooftopsolutions.nl",
                    "homepage": "http://evertpot.com/",
                    "role": "Developer"
                }
            ],
            "description": "The sabre/event library provides utilities for lightweight event-based programming",
            "homepage": "https://github.com/fruux/sabre-event",
            "keywords": [
                "events"
            ],
            "time": "2013-07-19 12:46:56"
        },
        {
            "name": "sabre/http",
            "version": "2.0.0alpha5",
            "source": {
                "type": "git",
                "url": "https://github.com/fruux/sabre-http.git",
                "reference": "a9765fd1147f80433bd0958a036c9c446e15b6e6"
            },
            "dist": {
                "type": "zip",
                "url": "https://api.github.com/repos/fruux/sabre-http/zipball/a9765fd1147f80433bd0958a036c9c446e15b6e6",
                "reference": "a9765fd1147f80433bd0958a036c9c446e15b6e6",
                "shasum": ""
            },
            "require": {
                "ext-mbstring": "*",
                "php": ">=5.4",
                "sabre/event": "~1.0.0"
            },
            "suggest": {
                "ext-curl": " to make http requests with the Client class"
            },
            "type": "library",
            "autoload": {
                "psr-0": {
                    "Sabre\\HTTP": "lib/"
                }
            },
            "notification-url": "https://packagist.org/downloads/",
            "license": [
                "BSD-3-Clause"
            ],
            "authors": [
                {
                    "name": "Evert Pot",
                    "email": "evert@rooftopsolutions.nl",
                    "homepage": "http://www.rooftopsolutions.nl/",
                    "role": "Developer"
                }
            ],
            "description": "The sabre/http library provides utilities for dealing with http requests and responses. ",
            "homepage": "https://github.com/fruux/sabre-http",
            "keywords": [
                "http"
            ],
            "time": "2013-11-07 21:20:41"
        },
        {
            "name": "sabre/vobject",
            "version": "dev-master",
            "source": {
                "type": "git",
                "url": "https://github.com/fruux/sabre-vobject.git",
                "reference": "0e33cf2b811d310e5ad9829c9645a1992245cc50"
            },
            "dist": {
                "type": "zip",
                "url": "https://api.github.com/repos/fruux/sabre-vobject/zipball/0e33cf2b811d310e5ad9829c9645a1992245cc50",
                "reference": "0e33cf2b811d310e5ad9829c9645a1992245cc50",
                "shasum": ""
            },
            "require": {
                "ext-mbstring": "*",
                "php": ">=5.3.1"
            },
            "require-dev": {
                "phpunit/phpunit": "*"
            },
            "bin": [
                "bin/vobject"
            ],
            "type": "library",
            "extra": {
                "branch-alias": {
                    "dev-master": "3.1.x-dev"
                }
            },
            "autoload": {
                "psr-0": {
                    "Sabre\\VObject": "lib/"
                }
            },
            "notification-url": "https://packagist.org/downloads/",
            "license": [
                "BSD-3-Clause"
            ],
            "authors": [
                {
                    "name": "Evert Pot",
                    "email": "evert@rooftopsolutions.nl",
                    "homepage": "http://evertpot.com/",
                    "role": "Developer"
                }
            ],
            "description": "The VObject library for PHP allows you to easily parse and manipulate iCalendar and vCard objects",
            "homepage": "https://github.com/fruux/sabre-vobject",
            "keywords": [
                "VObject",
                "iCalendar",
                "vCard"
            ],
            "time": "2013-11-15 20:23:40"
        }
    ],
    "packages-dev": [

    ],
    "aliases": [

    ],
    "minimum-stability": "dev",
    "stability-flags": {
        "sabre/dav": 20
    },
    "platform": [

    ],
    "platform-dev": [

    ]
}
